
Microsoft Visual Studio Solution File, Format Version 12.00
# Visual Studio Version 16
VisualStudioVersion = 16.0.30114.105
MinimumVisualStudioVersion = 10.0.40219.1
Project("{FAE04EC0-301F-11D3-BF4B-00C04F79EFBC}") = "WordleRoyale.Tests", "WordleRoyale.Tests\WordleRoyale.Tests.csproj", "{FA5FAF82-8665-471D-A96F-09825BE784C9}"
EndProject
Project("{FAE04EC0-301F-11D3-BF4B-00C04F79EFBC}") = "WordleRoyale.Core", "WordleRoyale.Core\WordleRoyale.Core.csproj", "{8281E1E4-555B-4E6D-AB9D-45FBA14568FC}"
EndProject
Global
	GlobalSection(SolutionConfigurationPlatforms) = preSolution
		Debug|Any CPU = Debug|Any CPU
		Release|Any CPU = Release|Any CPU
	EndGlobalSection
	GlobalSection(SolutionProperties) = preSolution
		HideSolutionNode = FALSE
	EndGlobalSection
	GlobalSection(ProjectConfigurationPlatforms) = postSolution
		{FA5FAF82-8665-471D-A96F-09825BE784C9}.Debug|Any CPU.ActiveCfg = Debug|Any CPU
		{FA5FAF82-8665-471D-A96F-09825BE784C9}.Debug|Any CPU.Build.0 = Debug|Any CPU
		{FA5FAF82-8665-471D-A96F-09825BE784C9}.Release|Any CPU.ActiveCfg = Release|Any CPU
		{FA5FAF82-8665-471D-A96F-09825BE784C9}.Release|Any CPU.Build.0 = Release|Any CPU
		{8281E1E4-555B-4E6D-AB9D-45FBA14568FC}.Debug|Any CPU.ActiveCfg = Debug|Any CPU
		{8281E1E4-555B-4E6D-AB9D-45FBA14568FC}.Debug|Any CPU.Build.0 = Debug|Any CPU
		{8281E1E4-555B-4E6D-AB9D-45FBA14568FC}.Release|Any CPU.ActiveCfg = Release|Any CPU
		{8281E1E4-555B-4E6D-AB9D-45FBA14568FC}.Release|Any CPU.Build.0 = Release|Any CPU
	EndGlobalSection
EndGlobal
